
Microsoft Visual Studio Solution File, Format Version 12.00
# Visual Studio Version 16
VisualStudioVersion = 16.0.31424.327
MinimumVisualStudioVersion = 10.0.40219.1
Project("{FAE04EC0-301F-11D3-BF4B-00C04F79EFBC}") = "Client", "Client\Client.csproj", "{096F5631-8CCA-4ADC-9619-22A3228A9577}"
EndProject
Project("{FAE04EC0-301F-11D3-BF4B-00C04F79EFBC}") = "Dispatcher", "Dispatcher\Dispatcher.csproj", "{8E1553BE-259F-467E-A139-1F6FC81B6A04}"
EndProject
Global
	GlobalSection(SolutionConfigurationPlatforms) = preSolution
		Debug|Any CPU = Debug|Any CPU
		Release|Any CPU = Release|Any CPU
	EndGlobalSection
	GlobalSection(ProjectConfigurationPlatforms) = postSolution
		{096F5631-8CCA-4ADC-9619-22A3228A9577}.Debug|Any CPU.ActiveCfg = Debug|Any CPU
		{096F5631-8CCA-4ADC-9619-22A3228A9577}.Debug|Any CPU.Build.0 = Debug|Any CPU
		{096F5631-8CCA-4ADC-9619-22A3228A9577}.Release|Any CPU.ActiveCfg = Release|Any CPU
		{096F5631-8CCA-4ADC-9619-22A3228A9577}.Release|Any CPU.Build.0 = Release|Any CPU
		{8E1553BE-259F-467E-A139-1F6FC81B6A04}.Debug|Any CPU.ActiveCfg = Debug|Any CPU
		{8E1553BE-259F-467E-A139-1F6FC81B6A04}.Debug|Any CPU.Build.0 = Debug|Any CPU
		{8E1553BE-259F-467E-A139-1F6FC81B6A04}.Release|Any CPU.ActiveCfg = Release|Any CPU
		{8E1553BE-259F-467E-A139-1F6FC81B6A04}.Release|Any CPU.Build.0 = Release|Any CPU
	EndGlobalSection
	GlobalSection(SolutionProperties) = preSolution
		HideSolutionNode = FALSE
	EndGlobalSection
	GlobalSection(ExtensibilityGlobals) = postSolution
		SolutionGuid = {F788135A-7385-48E7-9E03-32651F164118}
	EndGlobalSection
EndGlobal
